
Microsoft Visual Studio Solution File, Format Version 12.00
# Visual Studio Version 17
VisualStudioVersion = 17.0.32014.148
MinimumVisualStudioVersion = 10.0.40219.1
Project("{2150E333-8FDC-42A3-9474-1A3956D46DE8}") = "Building Blocks", "Building Blocks", "{8EBC5C2D-B7EB-44AC-A756-05614EDB6924}"
EndProject
Project("{2150E333-8FDC-42A3-9474-1A3956D46DE8}") = "Business", "Business", "{F5E4E02F-B4FA-4C38-96F2-D0C7F089B7CA}"
EndProject
Project("{2150E333-8FDC-42A3-9474-1A3956D46DE8}") = "Web", "Web", "{733FF916-7D61-4EDD-B858-BAC4D5F4EB17}"
EndProject
Project("{2150E333-8FDC-42A3-9474-1A3956D46DE8}") = "Core", "Core", "{97394B1D-B3D9-4CAC-AA7A-1A7035603BB7}"
EndProject
Project("{2150E333-8FDC-42A3-9474-1A3956D46DE8}") = "Services", "Services", "{C4EE6E40-BA5C-4A4B-B72C-D1B4793F9142}"
EndProject
Project("{2150E333-8FDC-42A3-9474-1A3956D46DE8}") = "MessageBus", "MessageBus", "{D2677D31-1629-40C9-BD9F-F51568CC6FEE}"
EndProject
Project("{2150E333-8FDC-42A3-9474-1A3956D46DE8}") = "DataAccess", "DataAccess", "{45D814AA-3ABA-4891-9377-12E68A885160}"
EndProject
Project("{9A19103F-16F7-4668-BE54-9A1E7A4F7556}") = "SoCarro.Core", "src\building blocks\SoCarro.Core\SoCarro.Core.csproj", "{95BB8DC1-D84E-4D57-9334-6E1281916D16}"
EndProject
Project("{9A19103F-16F7-4668-BE54-9A1E7A4F7556}") = "SoCarro.MessageBus", "src\building blocks\SoCarro.MessageBus\SoCarro.MessageBus.csproj", "{93E0ED66-57E8-41B2-91EC-A93469E1E36A}"
EndProject
Project("{9A19103F-16F7-4668-BE54-9A1E7A4F7556}") = "SoCarro.Business", "src\services\SoCarro.Business\SoCarro.Business.csproj", "{1ED5CC90-11D4-42E3-8134-32B22A64C18C}"
EndProject
Project("{9A19103F-16F7-4668-BE54-9A1E7A4F7556}") = "SoCarro.DataAccess", "src\services\SoCarro.DataAccess\SoCarro.DataAccess.csproj", "{19092F90-C820-4FF6-8B9F-ED24D0308021}"
EndProject
Project("{9A19103F-16F7-4668-BE54-9A1E7A4F7556}") = "SoCarro.WebApp.MVC", "src\web\SoCarro.WebApp.MVC\SoCarro.WebApp.MVC.csproj", "{B930E966-582C-44B3-BA5A-76D430BE7C3C}"
EndProject
Project("{9A19103F-16F7-4668-BE54-9A1E7A4F7556}") = "SoCarro.WebApi", "src\web\SoCarro.WebApi\SoCarro.WebApi.csproj", "{14FBC863-3A8B-49CB-9CF3-820DB202D5D5}"
EndProject
Project("{9A19103F-16F7-4668-BE54-9A1E7A4F7556}") = "SoCarro.Core.WebApi", "src\building blocks\SoCarro.Core.WebApi\SoCarro.Core.WebApi.csproj", "{4E61F37C-9C04-4BB3-9737-7E51FF106EC9}"
EndProject
Project("{2150E333-8FDC-42A3-9474-1A3956D46DE8}") = "Test", "Test", "{F140529E-31FC-467E-8D18-AFB09287FBD8}"
EndProject
Project("{2150E333-8FDC-42A3-9474-1A3956D46DE8}") = "src", "src", "{2A8168F0-3AE4-4FDF-999C-97E475E18F9D}"
EndProject
Project("{9A19103F-16F7-4668-BE54-9A1E7A4F7556}") = "SoCarro.Test", "test\SoCarro.Test\SoCarro.Test.csproj", "{458B0430-80CF-4066-878A-09D04563B7DB}"
EndProject
Global
	GlobalSection(SolutionConfigurationPlatforms) = preSolution
		Debug|Any CPU = Debug|Any CPU
		Release|Any CPU = Release|Any CPU
	EndGlobalSection
	GlobalSection(ProjectConfigurationPlatforms) = postSolution
		{95BB8DC1-D84E-4D57-9334-6E1281916D16}.Debug|Any CPU.ActiveCfg = Debug|Any CPU
		{95BB8DC1-D84E-4D57-9334-6E1281916D16}.Debug|Any CPU.Build.0 = Debug|Any CPU
		{95BB8DC1-D84E-4D57-9334-6E1281916D16}.Release|Any CPU.ActiveCfg = Release|Any CPU
		{95BB8DC1-D84E-4D57-9334-6E1281916D16}.Release|Any CPU.Build.0 = Release|Any CPU
		{93E0ED66-57E8-41B2-91EC-A93469E1E36A}.Debug|Any CPU.ActiveCfg = Debug|Any CPU
		{93E0ED66-57E8-41B2-91EC-A93469E1E36A}.Debug|Any CPU.Build.0 = Debug|Any CPU
		{93E0ED66-57E8-41B2-91EC-A93469E1E36A}.Release|Any CPU.ActiveCfg = Release|Any CPU
		{93E0ED66-57E8-41B2-91EC-A93469E1E36A}.Release|Any CPU.Build.0 = Release|Any CPU
		{1ED5CC90-11D4-42E3-8134-32B22A64C18C}.Debug|Any CPU.ActiveCfg = Debug|Any CPU
		{1ED5CC90-11D4-42E3-8134-32B22A64C18C}.Debug|Any CPU.Build.0 = Debug|Any CPU
		{1ED5CC90-11D4-42E3-8134-32B22A64C18C}.Release|Any CPU.ActiveCfg = Release|Any CPU
		{1ED5CC90-11D4-42E3-8134-32B22A64C18C}.Release|Any CPU.Build.0 = Release|Any CPU
		{19092F90-C820-4FF6-8B9F-ED24D0308021}.Debug|Any CPU.ActiveCfg = Debug|Any CPU
		{19092F90-C820-4FF6-8B9F-ED24D0308021}.Debug|Any CPU.Build.0 = Debug|Any CPU
		{19092F90-C820-4FF6-8B9F-ED24D0308021}.Release|Any CPU.ActiveCfg = Release|Any CPU
		{19092F90-C820-4FF6-8B9F-ED24D0308021}.Release|Any CPU.Build.0 = Release|Any CPU
		{B930E966-582C-44B3-BA5A-76D430BE7C3C}.Debug|Any CPU.ActiveCfg = Debug|Any CPU
		{B930E966-582C-44B3-BA5A-76D430BE7C3C}.Debug|Any CPU.Build.0 = Debug|Any CPU
		{B930E966-582C-44B3-BA5A-76D430BE7C3C}.Release|Any CPU.ActiveCfg = Release|Any CPU
		{B930E966-582C-44B3-BA5A-76D430BE7C3C}.Release|Any CPU.Build.0 = Release|Any CPU
		{14FBC863-3A8B-49CB-9CF3-820DB202D5D5}.Debug|Any CPU.ActiveCfg = Debug|Any CPU
		{14FBC863-3A8B-49CB-9CF3-820DB202D5D5}.Debug|Any CPU.Build.0 = Debug|Any CPU
		{14FBC863-3A8B-49CB-9CF3-820DB202D5D5}.Release|Any CPU.ActiveCfg = Release|Any CPU
		{14FBC863-3A8B-49CB-9CF3-820DB202D5D5}.Release|Any CPU.Build.0 = Release|Any CPU
		{4E61F37C-9C04-4BB3-9737-7E51FF106EC9}.Debug|Any CPU.ActiveCfg = Debug|Any CPU
		{4E61F37C-9C04-4BB3-9737-7E51FF106EC9}.Debug|Any CPU.Build.0 = Debug|Any CPU
		{4E61F37C-9C04-4BB3-9737-7E51FF106EC9}.Release|Any CPU.ActiveCfg = Release|Any CPU
		{4E61F37C-9C04-4BB3-9737-7E51FF106EC9}.Release|Any CPU.Build.0 = Release|Any CPU
		{458B0430-80CF-4066-878A-09D04563B7DB}.Debug|Any CPU.ActiveCfg = Debug|Any CPU
		{458B0430-80CF-4066-878A-09D04563B7DB}.Debug|Any CPU.Build.0 = Debug|Any CPU
		{458B0430-80CF-4066-878A-09D04563B7DB}.Release|Any CPU.ActiveCfg = Release|Any CPU
		{458B0430-80CF-4066-878A-09D04563B7DB}.Release|Any CPU.Build.0 = Release|Any CPU
	EndGlobalSection
	GlobalSection(SolutionProperties) = preSolution
		HideSolutionNode = FALSE
	EndGlobalSection
	GlobalSection(NestedProjects) = preSolution
		{8EBC5C2D-B7EB-44AC-A756-05614EDB6924} = {2A8168F0-3AE4-4FDF-999C-97E475E18F9D}
		{F5E4E02F-B4FA-4C38-96F2-D0C7F089B7CA} = {2A8168F0-3AE4-4FDF-999C-97E475E18F9D}
		{733FF916-7D61-4EDD-B858-BAC4D5F4EB17} = {2A8168F0-3AE4-4FDF-999C-97E475E18F9D}
		{97394B1D-B3D9-4CAC-AA7A-1A7035603BB7} = {8EBC5C2D-B7EB-44AC-A756-05614EDB6924}
		{C4EE6E40-BA5C-4A4B-B72C-D1B4793F9142} = {8EBC5C2D-B7EB-44AC-A756-05614EDB6924}
		{D2677D31-1629-40C9-BD9F-F51568CC6FEE} = {8EBC5C2D-B7EB-44AC-A756-05614EDB6924}
		{45D814AA-3ABA-4891-9377-12E68A885160} = {2A8168F0-3AE4-4FDF-999C-97E475E18F9D}
		{95BB8DC1-D84E-4D57-9334-6E1281916D16} = {97394B1D-B3D9-4CAC-AA7A-1A7035603BB7}
		{93E0ED66-57E8-41B2-91EC-A93469E1E36A} = {D2677D31-1629-40C9-BD9F-F51568CC6FEE}
		{1ED5CC90-11D4-42E3-8134-32B22A64C18C} = {F5E4E02F-B4FA-4C38-96F2-D0C7F089B7CA}
		{19092F90-C820-4FF6-8B9F-ED24D0308021} = {45D814AA-3ABA-4891-9377-12E68A885160}
		{B930E966-582C-44B3-BA5A-76D430BE7C3C} = {733FF916-7D61-4EDD-B858-BAC4D5F4EB17}
		{14FBC863-3A8B-49CB-9CF3-820DB202D5D5} = {733FF916-7D61-4EDD-B858-BAC4D5F4EB17}
		{4E61F37C-9C04-4BB3-9737-7E51FF106EC9} = {C4EE6E40-BA5C-4A4B-B72C-D1B4793F9142}
		{458B0430-80CF-4066-878A-09D04563B7DB} = {F140529E-31FC-467E-8D18-AFB09287FBD8}
	EndGlobalSection
	GlobalSection(ExtensibilityGlobals) = postSolution
		SolutionGuid = {26B7E78E-3858-4C91-A081-34222DC5225B}
	EndGlobalSection
EndGlobal
